// !$*UTF8*$!
{
	archiveVersion = 1;
	classes = {
	};
	objectVersion = 55;
	objects = {

/* Begin PBXBuildFile section */
		591B5C61268C41D5000917DC /* TestView.swift in Sources */ = {isa = PBXBuildFile; fileRef = 591B5C60268C41D5000917DC /* TestView.swift */; };
		591B5C62268C41D5000917DC /* TestView.swift in Sources */ = {isa = PBXBuildFile; fileRef = 591B5C60268C41D5000917DC /* TestView.swift */; };
		591B5C63268C41D5000917DC /* TestView.swift in Sources */ = {isa = PBXBuildFile; fileRef = 591B5C60268C41D5000917DC /* TestView.swift */; };
		59E3BB1C267C79BF000B7477 /* PureColor.swift in Sources */ = {isa = PBXBuildFile; fileRef = 59E3BB1B267C79BF000B7477 /* PureColor.swift */; };
		59E3BB1D267C79BF000B7477 /* PureColor.swift in Sources */ = {isa = PBXBuildFile; fileRef = 59E3BB1B267C79BF000B7477 /* PureColor.swift */; };
		59E3BB1E267C79BF000B7477 /* PureColor.swift in Sources */ = {isa = PBXBuildFile; fileRef = 59E3BB1B267C79BF000B7477 /* PureColor.swift */; };
		59EEEA8D267A5826009FE798 /* GradientGridApp.swift in Sources */ = {isa = PBXBuildFile; fileRef = 59EEEA7F267A5825009FE798 /* GradientGridApp.swift */; };
		59EEEA8E267A5826009FE798 /* GradientGridApp.swift in Sources */ = {isa = PBXBuildFile; fileRef = 59EEEA7F267A5825009FE798 /* GradientGridApp.swift */; };
		59EEEA91267A5826009FE798 /* Assets.xcassets in Resources */ = {isa = PBXBuildFile; fileRef = 59EEEA81267A5826009FE798 /* Assets.xcassets */; };
		59EEEA92267A5826009FE798 /* Assets.xcassets in Resources */ = {isa = PBXBuildFile; fileRef = 59EEEA81267A5826009FE798 /* Assets.xcassets */; };
		59EEEA9D267A5854009FE798 /* GradientCell.swift in Sources */ = {isa = PBXBuildFile; fileRef = 59EEEA9C267A5854009FE798 /* GradientCell.swift */; };
		59EEEA9E267A5854009FE798 /* GradientCell.swift in Sources */ = {isa = PBXBuildFile; fileRef = 59EEEA9C267A5854009FE798 /* GradientCell.swift */; };
		59EEEAA0267A5B73009FE798 /* RGB.swift in Sources */ = {isa = PBXBuildFile; fileRef = 59EEEA9F267A5B73009FE798 /* RGB.swift */; };
		59EEEAA1267A5B73009FE798 /* RGB.swift in Sources */ = {isa = PBXBuildFile; fileRef = 59EEEA9F267A5B73009FE798 /* RGB.swift */; };
		59EEEAA3267A5D9F009FE798 /* GradientGrid.swift in Sources */ = {isa = PBXBuildFile; fileRef = 59EEEAA2267A5D9F009FE798 /* GradientGrid.swift */; };
		59EEEAA4267A5D9F009FE798 /* GradientGrid.swift in Sources */ = {isa = PBXBuildFile; fileRef = 59EEEAA2267A5D9F009FE798 /* GradientGrid.swift */; };
		59EEEAA6267A6944009FE798 /* GradientData.swift in Sources */ = {isa = PBXBuildFile; fileRef = 59EEEAA5267A6944009FE798 /* GradientData.swift */; };
		59EEEAA7267A6944009FE798 /* GradientData.swift in Sources */ = {isa = PBXBuildFile; fileRef = 59EEEAA5267A6944009FE798 /* GradientData.swift */; };
		59EEEAAE267A762B009FE798 /* Gradients WatchKit App.app in Embed Watch Content */ = {isa = PBXBuildFile; fileRef = 59EEEAAD267A762B009FE798 /* Gradients WatchKit App.app */; settings = {ATTRIBUTES = (RemoveHeadersOnCopy, ); }; };
		59EEEAB3267A762C009FE798 /* Assets.xcassets in Resources */ = {isa = PBXBuildFile; fileRef = 59EEEAB2267A762C009FE798 /* Assets.xcassets */; };
		59EEEAB9267A762C009FE798 /* Gradients WatchKit Extension.appex in Embed App Extensions */ = {isa = PBXBuildFile; fileRef = 59EEEAB8267A762C009FE798 /* Gradients WatchKit Extension.appex */; settings = {ATTRIBUTES = (RemoveHeadersOnCopy, ); }; };
		59EEEABE267A762C009FE798 /* GradientGridWatchApp.swift in Sources */ = {isa = PBXBuildFile; fileRef = 59EEEABD267A762C009FE798 /* GradientGridWatchApp.swift */; };
		59EEEAC0267A762C009FE798 /* ContentView.swift in Sources */ = {isa = PBXBuildFile; fileRef = 59EEEABF267A762C009FE798 /* ContentView.swift */; };
		59EEEAC2267A762C009FE798 /* NotificationController.swift in Sources */ = {isa = PBXBuildFile; fileRef = 59EEEAC1267A762C009FE798 /* NotificationController.swift */; };
		59EEEAC4267A762C009FE798 /* NotificationView.swift in Sources */ = {isa = PBXBuildFile; fileRef = 59EEEAC3267A762C009FE798 /* NotificationView.swift */; };
		59EEEAC6267A762C009FE798 /* ComplicationController.swift in Sources */ = {isa = PBXBuildFile; fileRef = 59EEEAC5267A762C009FE798 /* ComplicationController.swift */; };
		59EEEAC8267A762D009FE798 /* Assets.xcassets in Resources */ = {isa = PBXBuildFile; fileRef = 59EEEAC7267A762D009FE798 /* Assets.xcassets */; };
		59EEEACB267A762D009FE798 /* Preview Assets.xcassets in Resources */ = {isa = PBXBuildFile; fileRef = 59EEEACA267A762D009FE798 /* Preview Assets.xcassets */; };
		59EEEADF267B8DFE009FE798 /* GradientData.swift in Sources */ = {isa = PBXBuildFile; fileRef = 59EEEAA5267A6944009FE798 /* GradientData.swift */; };
		59EEEAE0267B8DFE009FE798 /* GradientCell.swift in Sources */ = {isa = PBXBuildFile; fileRef = 59EEEA9C267A5854009FE798 /* GradientCell.swift */; };
		59EEEAE2267B8DFE009FE798 /* GradientGrid.swift in Sources */ = {isa = PBXBuildFile; fileRef = 59EEEAA2267A5D9F009FE798 /* GradientGrid.swift */; };
		59EEEAE3267B8DFE009FE798 /* Assets.xcassets in Resources */ = {isa = PBXBuildFile; fileRef = 59EEEA81267A5826009FE798 /* Assets.xcassets */; };
		59EEEAE4267B8DFE009FE798 /* RGB.swift in Sources */ = {isa = PBXBuildFile; fileRef = 59EEEA9F267A5B73009FE798 /* RGB.swift */; };
/* End PBXBuildFile section */

/* Begin PBXContainerItemProxy section */
		59EEEAAF267A762B009FE798 /* PBXContainerItemProxy */ = {
			isa = PBXContainerItemProxy;
			containerPortal = 59EEEA7A267A5824009FE798 /* Project object */;
			proxyType = 1;
			remoteGlobalIDString = 59EEEAAC267A762B009FE798;
			remoteInfo = "Gradients WatchKit App";
		};
		59EEEABA267A762C009FE798 /* PBXContainerItemProxy */ = {
			isa = PBXContainerItemProxy;
			containerPortal = 59EEEA7A267A5824009FE798 /* Project object */;
			proxyType = 1;
			remoteGlobalIDString = 59EEEAB7267A762C009FE798;
			remoteInfo = "Gradients WatchKit Extension";
		};
/* End PBXContainerItemProxy section */

/* Begin PBXCopyFilesBuildPhase section */
		59EEEAD1267A762D009FE798 /* Embed App Extensions */ = {
			isa = PBXCopyFilesBuildPhase;
			buildActionMask = 2147483647;
			dstPath = "";
			dstSubfolderSpec = 13;
			files = (
				59EEEAB9267A762C009FE798 /* Gradients WatchKit Extension.appex in Embed App Extensions */,
			);
			name = "Embed App Extensions";
			runOnlyForDeploymentPostprocessing = 0;
		};
		59EEEAD5267A762D009FE798 /* Embed Watch Content */ = {
			isa = PBXCopyFilesBuildPhase;
			buildActionMask = 2147483647;
			dstPath = "$(CONTENTS_FOLDER_PATH)/Watch";
			dstSubfolderSpec = 16;
			files = (
				59EEEAAE267A762B009FE798 /* Gradients WatchKit App.app in Embed Watch Content */,
			);
			name = "Embed Watch Content";
			runOnlyForDeploymentPostprocessing = 0;
		};
/* End PBXCopyFilesBuildPhase section */

/* Begin PBXFileReference section */
		591B5C60268C41D5000917DC /* TestView.swift */ = {isa = PBXFileReference; lastKnownFileType = sourcecode.swift; path = TestView.swift; sourceTree = "<group>"; };
		59E3BB1B267C79BF000B7477 /* PureColor.swift */ = {isa = PBXFileReference; lastKnownFileType = sourcecode.swift; path = PureColor.swift; sourceTree = "<group>"; };
		59E3BB1F267C8CD6000B7477 /* README.md */ = {isa = PBXFileReference; lastKnownFileType = net.daringfireball.markdown; path = README.md; sourceTree = "<group>"; };
		59EEEA7F267A5825009FE798 /* GradientGridApp.swift */ = {isa = PBXFileReference; lastKnownFileType = sourcecode.swift; path = GradientGridApp.swift; sourceTree = "<group>"; };
		59EEEA81267A5826009FE798 /* Assets.xcassets */ = {isa = PBXFileReference; lastKnownFileType = folder.assetcatalog; path = Assets.xcassets; sourceTree = "<group>"; };
		59EEEA86267A5826009FE798 /* GradientGrid.app */ = {isa = PBXFileReference; explicitFileType = wrapper.application; includeInIndex = 0; path = GradientGrid.app; sourceTree = BUILT_PRODUCTS_DIR; };
		59EEEA8C267A5826009FE798 /* GradientGrid.app */ = {isa = PBXFileReference; explicitFileType = wrapper.application; includeInIndex = 0; path = GradientGrid.app; sourceTree = BUILT_PRODUCTS_DIR; };
		59EEEA9C267A5854009FE798 /* GradientCell.swift */ = {isa = PBXFileReference; lastKnownFileType = sourcecode.swift; path = GradientCell.swift; sourceTree = "<group>"; };
		59EEEA9F267A5B73009FE798 /* RGB.swift */ = {isa = PBXFileReference; lastKnownFileType = sourcecode.swift; path = RGB.swift; sourceTree = "<group>"; };
		59EEEAA2267A5D9F009FE798 /* GradientGrid.swift */ = {isa = PBXFileReference; lastKnownFileType = sourcecode.swift; path = GradientGrid.swift; sourceTree = "<group>"; };
		59EEEAA5267A6944009FE798 /* GradientData.swift */ = {isa = PBXFileReference; lastKnownFileType = sourcecode.swift; path = GradientData.swift; sourceTree = "<group>"; };
		59EEEAAA267A762A009FE798 /* Gradients.app */ = {isa = PBXFileReference; explicitFileType = wrapper.application; includeInIndex = 0; path = Gradients.app; sourceTree = BUILT_PRODUCTS_DIR; };
		59EEEAAD267A762B009FE798 /* Gradients WatchKit App.app */ = {isa = PBXFileReference; explicitFileType = wrapper.application; includeInIndex = 0; path = "Gradients WatchKit App.app"; sourceTree = BUILT_PRODUCTS_DIR; };
		59EEEAB2267A762C009FE798 /* Assets.xcassets */ = {isa = PBXFileReference; lastKnownFileType = folder.assetcatalog; path = Assets.xcassets; sourceTree = "<group>"; };
		59EEEAB8267A762C009FE798 /* Gradients WatchKit Extension.appex */ = {isa = PBXFileReference; explicitFileType = "wrapper.app-extension"; includeInIndex = 0; path = "Gradients WatchKit Extension.appex"; sourceTree = BUILT_PRODUCTS_DIR; };
		59EEEABD267A762C009FE798 /* GradientGridWatchApp.swift */ = {isa = PBXFileReference; lastKnownFileType = sourcecode.swift; path = GradientGridWatchApp.swift; sourceTree = "<group>"; };
		59EEEABF267A762C009FE798 /* ContentView.swift */ = {isa = PBXFileReference; lastKnownFileType = sourcecode.swift; path = ContentView.swift; sourceTree = "<group>"; };
		59EEEAC1267A762C009FE798 /* NotificationController.swift */ = {isa = PBXFileReference; lastKnownFileType = sourcecode.swift; path = NotificationController.swift; sourceTree = "<group>"; };
		59EEEAC3267A762C009FE798 /* NotificationView.swift */ = {isa = PBXFileReference; lastKnownFileType = sourcecode.swift; path = NotificationView.swift; sourceTree = "<group>"; };
		59EEEAC5267A762C009FE798 /* ComplicationController.swift */ = {isa = PBXFileReference; lastKnownFileType = sourcecode.swift; path = ComplicationController.swift; sourceTree = "<group>"; };
		59EEEAC7267A762D009FE798 /* Assets.xcassets */ = {isa = PBXFileReference; lastKnownFileType = folder.assetcatalog; path = Assets.xcassets; sourceTree = "<group>"; };
		59EEEACA267A762D009FE798 /* Preview Assets.xcassets */ = {isa = PBXFileReference; lastKnownFileType = folder.assetcatalog; path = "Preview Assets.xcassets"; sourceTree = "<group>"; };
		59EEEACC267A762D009FE798 /* Info.plist */ = {isa = PBXFileReference; lastKnownFileType = text.plist.xml; path = Info.plist; sourceTree = "<group>"; };
		59EEEACD267A762D009FE798 /* PushNotificationPayload.apns */ = {isa = PBXFileReference; lastKnownFileType = text; path = PushNotificationPayload.apns; sourceTree = "<group>"; };
/* End PBXFileReference section */

/* Begin PBXFrameworksBuildPhase section */
		59EEEA83267A5826009FE798 /* Frameworks */ = {
			isa = PBXFrameworksBuildPhase;
			buildActionMask = 2147483647;
			files = (
			);
			runOnlyForDeploymentPostprocessing = 0;
		};
		59EEEA89267A5826009FE798 /* Frameworks */ = {
			isa = PBXFrameworksBuildPhase;
			buildActionMask = 2147483647;
			files = (
			);
			runOnlyForDeploymentPostprocessing = 0;
		};
		59EEEAB5267A762C009FE798 /* Frameworks */ = {
			isa = PBXFrameworksBuildPhase;
			buildActionMask = 2147483647;
			files = (
			);
			runOnlyForDeploymentPostprocessing = 0;
		};
/* End PBXFrameworksBuildPhase section */

/* Begin PBXGroup section */
		59EEEA79267A5824009FE798 = {
			isa = PBXGroup;
			children = (
				59E3BB1F267C8CD6000B7477 /* README.md */,
				59EEEA7E267A5825009FE798 /* Shared */,
				59EEEAB1267A762B009FE798 /* Gradients WatchKit App */,
				59EEEABC267A762C009FE798 /* Gradients WatchKit Extension */,
				59EEEA87267A5826009FE798 /* Products */,
			);
			sourceTree = "<group>";
		};
		59EEEA7E267A5825009FE798 /* Shared */ = {
			isa = PBXGroup;
			children = (
				59EEEA9B267A5840009FE798 /* Views */,
				59EEEA7F267A5825009FE798 /* GradientGridApp.swift */,
				59EEEA81267A5826009FE798 /* Assets.xcassets */,
				59EEEA9F267A5B73009FE798 /* RGB.swift */,
				59EEEAA5267A6944009FE798 /* GradientData.swift */,
			);
			path = Shared;
			sourceTree = "<group>";
		};
		59EEEA87267A5826009FE798 /* Products */ = {
			isa = PBXGroup;
			children = (
				59EEEA86267A5826009FE798 /* GradientGrid.app */,
				59EEEA8C267A5826009FE798 /* GradientGrid.app */,
				59EEEAAA267A762A009FE798 /* Gradients.app */,
				59EEEAAD267A762B009FE798 /* Gradients WatchKit App.app */,
				59EEEAB8267A762C009FE798 /* Gradients WatchKit Extension.appex */,
			);
			name = Products;
			sourceTree = "<group>";
		};
		59EEEA9B267A5840009FE798 /* Views */ = {
			isa = PBXGroup;
			children = (
				59EEEA9C267A5854009FE798 /* GradientCell.swift */,
				59EEEAA2267A5D9F009FE798 /* GradientGrid.swift */,
				59E3BB1B267C79BF000B7477 /* PureColor.swift */,
				591B5C60268C41D5000917DC /* TestView.swift */,
			);
			path = Views;
			sourceTree = "<group>";
		};
		59EEEAB1267A762B009FE798 /* Gradients WatchKit App */ = {
			isa = PBXGroup;
			children = (
				59EEEAB2267A762C009FE798 /* Assets.xcassets */,
			);
			path = "Gradients WatchKit App";
			sourceTree = "<group>";
		};
		59EEEABC267A762C009FE798 /* Gradients WatchKit Extension */ = {
			isa = PBXGroup;
			children = (
				59EEEABD267A762C009FE798 /* GradientGridWatchApp.swift */,
				59EEEABF267A762C009FE798 /* ContentView.swift */,
				59EEEAC1267A762C009FE798 /* NotificationController.swift */,
				59EEEAC3267A762C009FE798 /* NotificationView.swift */,
				59EEEAC5267A762C009FE798 /* ComplicationController.swift */,
				59EEEAC7267A762D009FE798 /* Assets.xcassets */,
				59EEEACC267A762D009FE798 /* Info.plist */,
				59EEEACD267A762D009FE798 /* PushNotificationPayload.apns */,
				59EEEAC9267A762D009FE798 /* Preview Content */,
			);
			path = "Gradients WatchKit Extension";
			sourceTree = "<group>";
		};
		59EEEAC9267A762D009FE798 /* Preview Content */ = {
			isa = PBXGroup;
			children = (
				59EEEACA267A762D009FE798 /* Preview Assets.xcassets */,
			);
			path = "Preview Content";
			sourceTree = "<group>";
		};
/* End PBXGroup section */

/* Begin PBXNativeTarget section */
		59EEEA85267A5826009FE798 /* GradientGrid (iOS) */ = {
			isa = PBXNativeTarget;
			buildConfigurationList = 59EEEA95267A5826009FE798 /* Build configuration list for PBXNativeTarget "GradientGrid (iOS)" */;
			buildPhases = (
				59EEEA82267A5826009FE798 /* Sources */,
				59EEEA83267A5826009FE798 /* Frameworks */,
				59EEEA84267A5826009FE798 /* Resources */,
			);
			buildRules = (
			);
			dependencies = (
			);
			name = "GradientGrid (iOS)";
			productName = "GradientGrid (iOS)";
			productReference = 59EEEA86267A5826009FE798 /* GradientGrid.app */;
			productType = "com.apple.product-type.application";
		};
		59EEEA8B267A5826009FE798 /* GradientGrid (macOS) */ = {
			isa = PBXNativeTarget;
			buildConfigurationList = 59EEEA98267A5826009FE798 /* Build configuration list for PBXNativeTarget "GradientGrid (macOS)" */;
			buildPhases = (
				59EEEA88267A5826009FE798 /* Sources */,
				59EEEA89267A5826009FE798 /* Frameworks */,
				59EEEA8A267A5826009FE798 /* Resources */,
			);
			buildRules = (
			);
			dependencies = (
			);
			name = "GradientGrid (macOS)";
			productName = "GradientGrid (macOS)";
			productReference = 59EEEA8C267A5826009FE798 /* GradientGrid.app */;
			productType = "com.apple.product-type.application";
		};
		59EEEAA9267A762A009FE798 /* Gradients */ = {
			isa = PBXNativeTarget;
			buildConfigurationList = 59EEEAD6267A762D009FE798 /* Build configuration list for PBXNativeTarget "Gradients" */;
			buildPhases = (
				59EEEAA8267A762A009FE798 /* Resources */,
				59EEEAD5267A762D009FE798 /* Embed Watch Content */,
			);
			buildRules = (
			);
			dependencies = (
				59EEEAB0267A762B009FE798 /* PBXTargetDependency */,
			);
			name = Gradients;
			productName = Gradients;
			productReference = 59EEEAAA267A762A009FE798 /* Gradients.app */;
			productType = "com.apple.product-type.application.watchapp2-container";
		};
		59EEEAAC267A762B009FE798 /* Gradients WatchKit App */ = {
			isa = PBXNativeTarget;
			buildConfigurationList = 59EEEAD2267A762D009FE798 /* Build configuration list for PBXNativeTarget "Gradients WatchKit App" */;
			buildPhases = (
				59EEEAAB267A762B009FE798 /* Resources */,
				59EEEAD1267A762D009FE798 /* Embed App Extensions */,
			);
			buildRules = (
			);
			dependencies = (
				59EEEABB267A762C009FE798 /* PBXTargetDependency */,
			);
			name = "Gradients WatchKit App";
			productName = "Gradients WatchKit App";
			productReference = 59EEEAAD267A762B009FE798 /* Gradients WatchKit App.app */;
			productType = "com.apple.product-type.application.watchapp2";
		};
		59EEEAB7267A762C009FE798 /* Gradients WatchKit Extension */ = {
			isa = PBXNativeTarget;
			buildConfigurationList = 59EEEACE267A762D009FE798 /* Build configuration list for PBXNativeTarget "Gradients WatchKit Extension" */;
			buildPhases = (
				59EEEAB4267A762C009FE798 /* Sources */,
				59EEEAB5267A762C009FE798 /* Frameworks */,
				59EEEAB6267A762C009FE798 /* Resources */,
			);
			buildRules = (
			);
			dependencies = (
			);
			name = "Gradients WatchKit Extension";
			productName = "Gradients WatchKit Extension";
			productReference = 59EEEAB8267A762C009FE798 /* Gradients WatchKit Extension.appex */;
			productType = "com.apple.product-type.watchkit2-extension";
		};
/* End PBXNativeTarget section */

/* Begin PBXProject section */
		59EEEA7A267A5824009FE798 /* Project object */ = {
			isa = PBXProject;
			attributes = {
				BuildIndependentTargetsInParallel = 1;
				LastSwiftUpdateCheck = 1300;
				LastUpgradeCheck = 1300;
				TargetAttributes = {
					59EEEA85267A5826009FE798 = {
						CreatedOnToolsVersion = 13.0;
					};
					59EEEA8B267A5826009FE798 = {
						CreatedOnToolsVersion = 13.0;
					};
					59EEEAA9267A762A009FE798 = {
						CreatedOnToolsVersion = 13.0;
					};
					59EEEAAC267A762B009FE798 = {
						CreatedOnToolsVersion = 13.0;
					};
					59EEEAB7267A762C009FE798 = {
						CreatedOnToolsVersion = 13.0;
					};
				};
			};
			buildConfigurationList = 59EEEA7D267A5824009FE798 /* Build configuration list for PBXProject "GradientGrid" */;
			compatibilityVersion = "Xcode 13.0";
			developmentRegion = en;
			hasScannedForEncodings = 0;
			knownRegions = (
				en,
				Base,
			);
			mainGroup = 59EEEA79267A5824009FE798;
			productRefGroup = 59EEEA87267A5826009FE798 /* Products */;
			projectDirPath = "";
			projectRoot = "";
			targets = (
				59EEEA85267A5826009FE798 /* GradientGrid (iOS) */,
				59EEEA8B267A5826009FE798 /* GradientGrid (macOS) */,
				59EEEAA9267A762A009FE798 /* Gradients */,
				59EEEAAC267A762B009FE798 /* Gradients WatchKit App */,
				59EEEAB7267A762C009FE798 /* Gradients WatchKit Extension */,
			);
		};
/* End PBXProject section */

/* Begin PBXResourcesBuildPhase section */
		59EEEA84267A5826009FE798 /* Resources */ = {
			isa = PBXResourcesBuildPhase;
			buildActionMask = 2147483647;
			files = (
				59EEEA91267A5826009FE798 /* Assets.xcassets in Resources */,
			);
			runOnlyForDeploymentPostprocessing = 0;
		};
		59EEEA8A267A5826009FE798 /* Resources */ = {
			isa = PBXResourcesBuildPhase;
			buildActionMask = 2147483647;
			files = (
				59EEEA92267A5826009FE798 /* Assets.xcassets in Resources */,
			);
			runOnlyForDeploymentPostprocessing = 0;
		};
		59EEEAA8267A762A009FE798 /* Resources */ = {
			isa = PBXResourcesBuildPhase;
			buildActionMask = 2147483647;
			files = (
			);
			runOnlyForDeploymentPostprocessing = 0;
		};
		59EEEAAB267A762B009FE798 /* Resources */ = {
			isa = PBXResourcesBuildPhase;
			buildActionMask = 2147483647;
			files = (
				59EEEAB3267A762C009FE798 /* Assets.xcassets in Resources */,
			);
			runOnlyForDeploymentPostprocessing = 0;
		};
		59EEEAB6267A762C009FE798 /* Resources */ = {
			isa = PBXResourcesBuildPhase;
			buildActionMask = 2147483647;
			files = (
				59EEEACB267A762D009FE798 /* Preview Assets.xcassets in Resources */,
				59EEEAE3267B8DFE009FE798 /* Assets.xcassets in Resources */,
				59EEEAC8267A762D009FE798 /* Assets.xcassets in Resources */,
			);
			runOnlyForDeploymentPostprocessing = 0;
		};
/* End PBXResourcesBuildPhase section */

/* Begin PBXSourcesBuildPhase section */
		59EEEA82267A5826009FE798 /* Sources */ = {
			isa = PBXSourcesBuildPhase;
			buildActionMask = 2147483647;
			files = (
				591B5C61268C41D5000917DC /* TestView.swift in Sources */,
				59EEEAA3267A5D9F009FE798 /* GradientGrid.swift in Sources */,
				59EEEAA6267A6944009FE798 /* GradientData.swift in Sources */,
				59EEEA9D267A5854009FE798 /* GradientCell.swift in Sources */,
				59EEEA8D267A5826009FE798 /* GradientGridApp.swift in Sources */,
				59EEEAA0267A5B73009FE798 /* RGB.swift in Sources */,
				59E3BB1C267C79BF000B7477 /* PureColor.swift in Sources */,
			);
			runOnlyForDeploymentPostprocessing = 0;
		};
		59EEEA88267A5826009FE798 /* Sources */ = {
			isa = PBXSourcesBuildPhase;
			buildActionMask = 2147483647;
			files = (
				591B5C62268C41D5000917DC /* TestView.swift in Sources */,
				59EEEAA4267A5D9F009FE798 /* GradientGrid.swift in Sources */,
				59EEEAA7267A6944009FE798 /* GradientData.swift in Sources */,
				59EEEA9E267A5854009FE798 /* GradientCell.swift in Sources */,
				59EEEA8E267A5826009FE798 /* GradientGridApp.swift in Sources */,
				59EEEAA1267A5B73009FE798 /* RGB.swift in Sources */,
				59E3BB1D267C79BF000B7477 /* PureColor.swift in Sources */,
			);
			runOnlyForDeploymentPostprocessing = 0;
		};
		59EEEAB4267A762C009FE798 /* Sources */ = {
			isa = PBXSourcesBuildPhase;
			buildActionMask = 2147483647;
			files = (
				59EEEAE2267B8DFE009FE798 /* GradientGrid.swift in Sources */,
				59EEEAC2267A762C009FE798 /* NotificationController.swift in Sources */,
				591B5C63268C41D5000917DC /* TestView.swift in Sources */,
				59EEEADF267B8DFE009FE798 /* GradientData.swift in Sources */,
				59EEEAC0267A762C009FE798 /* ContentView.swift in Sources */,
				59EEEAC6267A762C009FE798 /* ComplicationController.swift in Sources */,
				59E3BB1E267C79BF000B7477 /* PureColor.swift in Sources */,
				59EEEAE4267B8DFE009FE798 /* RGB.swift in Sources */,
				59EEEAE0267B8DFE009FE798 /* GradientCell.swift in Sources */,
				59EEEABE267A762C009FE798 /* GradientGridWatchApp.swift in Sources */,
				59EEEAC4267A762C009FE798 /* NotificationView.swift in Sources */,
			);
			runOnlyForDeploymentPostprocessing = 0;
		};
/* End PBXSourcesBuildPhase section */

/* Begin PBXTargetDependency section */
		59EEEAB0267A762B009FE798 /* PBXTargetDependency */ = {
			isa = PBXTargetDependency;
			target = 59EEEAAC267A762B009FE798 /* Gradients WatchKit App */;
			targetProxy = 59EEEAAF267A762B009FE798 /* PBXContainerItemProxy */;
		};
		59EEEABB267A762C009FE798 /* PBXTargetDependency */ = {
			isa = PBXTargetDependency;
			target = 59EEEAB7267A762C009FE798 /* Gradients WatchKit Extension */;
			targetProxy = 59EEEABA267A762C009FE798 /* PBXContainerItemProxy */;
		};
/* End PBXTargetDependency section */

/* Begin XCBuildConfiguration section */
		59EEEA93267A5826009FE798 /* Debug */ = {
			isa = XCBuildConfiguration;
			buildSettings = {
				ALWAYS_SEARCH_USER_PATHS = NO;
				CLANG_ANALYZER_NONNULL = YES;
				CLANG_ANALYZER_NUMBER_OBJECT_CONVERSION = YES_AGGRESSIVE;
				CLANG_CXX_LANGUAGE_STANDARD = "gnu++14";
				CLANG_CXX_LIBRARY = "libc++";
				CLANG_ENABLE_MODULES = YES;
				CLANG_ENABLE_OBJC_ARC = YES;
				CLANG_ENABLE_OBJC_WEAK = YES;
				CLANG_WARN_BLOCK_CAPTURE_AUTORELEASING = YES;
				CLANG_WARN_BOOL_CONVERSION = YES;
				CLANG_WARN_COMMA = YES;
				CLANG_WARN_CONSTANT_CONVERSION = YES;
				CLANG_WARN_DEPRECATED_OBJC_IMPLEMENTATIONS = YES;
				CLANG_WARN_DIRECT_OBJC_ISA_USAGE = YES_ERROR;
				CLANG_WARN_DOCUMENTATION_COMMENTS = YES;
				CLANG_WARN_EMPTY_BODY = YES;
				CLANG_WARN_ENUM_CONVERSION = YES;
				CLANG_WARN_INFINITE_RECURSION = YES;
				CLANG_WARN_INT_CONVERSION = YES;
				CLANG_WARN_NON_LITERAL_NULL_CONVERSION = YES;
				CLANG_WARN_OBJC_IMPLICIT_RETAIN_SELF = YES;
				CLANG_WARN_OBJC_LITERAL_CONVERSION = YES;
				CLANG_WARN_OBJC_ROOT_CLASS = YES_ERROR;
				CLANG_WARN_QUOTED_INCLUDE_IN_FRAMEWORK_HEADER = YES;
				CLANG_WARN_RANGE_LOOP_ANALYSIS = YES;
				CLANG_WARN_STRICT_PROTOTYPES = YES;
				CLANG_WARN_SUSPICIOUS_MOVE = YES;
				CLANG_WARN_UNGUARDED_AVAILABILITY = YES_AGGRESSIVE;
				CLANG_WARN_UNREACHABLE_CODE = YES;
				CLANG_WARN__DUPLICATE_METHOD_MATCH = YES;
				COPY_PHASE_STRIP = NO;
				DEBUG_INFORMATION_FORMAT = dwarf;
				ENABLE_STRICT_OBJC_MSGSEND = YES;
				ENABLE_TESTABILITY = YES;
				GCC_C_LANGUAGE_STANDARD = gnu11;
				GCC_DYNAMIC_NO_PIC = NO;
				GCC_NO_COMMON_BLOCKS = YES;
				GCC_OPTIMIZATION_LEVEL = 0;
				GCC_PREPROCESSOR_DEFINITIONS = (
					"DEBUG=1",
					"$(inherited)",
				);
				GCC_WARN_64_TO_32_BIT_CONVERSION = YES;
				GCC_WARN_ABOUT_RETURN_TYPE = YES_ERROR;
				GCC_WARN_UNDECLARED_SELECTOR = YES;
				GCC_WARN_UNINITIALIZED_AUTOS = YES_AGGRESSIVE;
				GCC_WARN_UNUSED_FUNCTION = YES;
				GCC_WARN_UNUSED_VARIABLE = YES;
				MTL_ENABLE_DEBUG_INFO = INCLUDE_SOURCE;
				MTL_FAST_MATH = YES;
				ONLY_ACTIVE_ARCH = YES;
				SWIFT_ACTIVE_COMPILATION_CONDITIONS = DEBUG;
				SWIFT_OPTIMIZATION_LEVEL = "-Onone";
			};
			name = Debug;
		};
		59EEEA94267A5826009FE798 /* Release */ = {
			isa = XCBuildConfiguration;
			buildSettings = {
				ALWAYS_SEARCH_USER_PATHS = NO;
				CLANG_ANALYZER_NONNULL = YES;
				CLANG_ANALYZER_NUMBER_OBJECT_CONVERSION = YES_AGGRESSIVE;
				CLANG_CXX_LANGUAGE_STANDARD = "gnu++14";
				CLANG_CXX_LIBRARY = "libc++";
				CLANG_ENABLE_MODULES = YES;
				CLANG_ENABLE_OBJC_ARC = YES;
				CLANG_ENABLE_OBJC_WEAK = YES;
				CLANG_WARN_BLOCK_CAPTURE_AUTORELEASING = YES;
				CLANG_WARN_BOOL_CONVERSION = YES;
				CLANG_WARN_COMMA = YES;
				CLANG_WARN_CONSTANT_CONVERSION = YES;
				CLANG_WARN_DEPRECATED_OBJC_IMPLEMENTATIONS = YES;
				CLANG_WARN_DIRECT_OBJC_ISA_USAGE = YES_ERROR;
				CLANG_WARN_DOCUMENTATION_COMMENTS = YES;
				CLANG_WARN_EMPTY_BODY = YES;
				CLANG_WARN_ENUM_CONVERSION = YES;
				CLANG_WARN_INFINITE_RECURSION = YES;
				CLANG_WARN_INT_CONVERSION = YES;
				CLANG_WARN_NON_LITERAL_NULL_CONVERSION = YES;
				CLANG_WARN_OBJC_IMPLICIT_RETAIN_SELF = YES;
				CLANG_WARN_OBJC_LITERAL_CONVERSION = YES;
				CLANG_WARN_OBJC_ROOT_CLASS = YES_ERROR;
				CLANG_WARN_QUOTED_INCLUDE_IN_FRAMEWORK_HEADER = YES;
				CLANG_WARN_RANGE_LOOP_ANALYSIS = YES;
				CLANG_WARN_STRICT_PROTOTYPES = YES;
				CLANG_WARN_SUSPICIOUS_MOVE = YES;
				CLANG_WARN_UNGUARDED_AVAILABILITY = YES_AGGRESSIVE;
				CLANG_WARN_UNREACHABLE_CODE = YES;
				CLANG_WARN__DUPLICATE_METHOD_MATCH = YES;
				COPY_PHASE_STRIP = NO;
				DEBUG_INFORMATION_FORMAT = "dwarf-with-dsym";
				ENABLE_NS_ASSERTIONS = NO;
				ENABLE_STRICT_OBJC_MSGSEND = YES;
				GCC_C_LANGUAGE_STANDARD = gnu11;
				GCC_NO_COMMON_BLOCKS = YES;
				GCC_WARN_64_TO_32_BIT_CONVERSION = YES;
				GCC_WARN_ABOUT_RETURN_TYPE = YES_ERROR;
				GCC_WARN_UNDECLARED_SELECTOR = YES;
				GCC_WARN_UNINITIALIZED_AUTOS = YES_AGGRESSIVE;
				GCC_WARN_UNUSED_FUNCTION = YES;
				GCC_WARN_UNUSED_VARIABLE = YES;
				MTL_ENABLE_DEBUG_INFO = NO;
				MTL_FAST_MATH = YES;
				SWIFT_COMPILATION_MODE = wholemodule;
				SWIFT_OPTIMIZATION_LEVEL = "-O";
			};
			name = Release;
		};
		59EEEA96267A5826009FE798 /* Debug */ = {
			isa = XCBuildConfiguration;
			buildSettings = {
				ASSETCATALOG_COMPILER_APPICON_NAME = AppIcon;
				ASSETCATALOG_COMPILER_GLOBAL_ACCENT_COLOR_NAME = AccentColor;
				CODE_SIGN_STYLE = Automatic;
				CURRENT_PROJECT_VERSION = 1;
				DEVELOPMENT_TEAM = QAWWZVREY3;
				ENABLE_PREVIEWS = YES;
				GENERATE_INFOPLIST_FILE = YES;
				INFOPLIST_KEY_UIApplicationSceneManifest_Generation = YES;
				INFOPLIST_KEY_UIApplicationSupportsIndirectInputEvents = YES;
				INFOPLIST_KEY_UILaunchScreen_Generation = YES;
				INFOPLIST_KEY_UISupportedInterfaceOrientations_iPad = "UIInterfaceOrientationPortrait UIInterfaceOrientationPortraitUpsideDown UIInterfaceOrientationLandscapeLeft UIInterfaceOrientationLandscapeRight";
				INFOPLIST_KEY_UISupportedInterfaceOrientations_iPhone = "UIInterfaceOrientationPortrait UIInterfaceOrientationLandscapeLeft UIInterfaceOrientationLandscapeRight";
				IPHONEOS_DEPLOYMENT_TARGET = 15.0;
				LD_RUNPATH_SEARCH_PATHS = (
					"$(inherited)",
					"@executable_path/Frameworks",
				);
				MARKETING_VERSION = 1.0;
				PRODUCT_BUNDLE_IDENTIFIER = com.thoamsy.GradientGrid;
				PRODUCT_NAME = GradientGrid;
				SDKROOT = iphoneos;
				SWIFT_EMIT_LOC_STRINGS = YES;
				SWIFT_VERSION = 5.0;
				TARGETED_DEVICE_FAMILY = "1,2";
			};
			name = Debug;
		};
		59EEEA97267A5826009FE798 /* Release */ = {
			isa = XCBuildConfiguration;
			buildSettings = {
				ASSETCATALOG_COMPILER_APPICON_NAME = AppIcon;
				ASSETCATALOG_COMPILER_GLOBAL_ACCENT_COLOR_NAME = AccentColor;
				CODE_SIGN_STYLE = Automatic;
				CURRENT_PROJECT_VERSION = 1;
				DEVELOPMENT_TEAM = QAWWZVREY3;
				ENABLE_PREVIEWS = YES;
				GENERATE_INFOPLIST_FILE = YES;
				INFOPLIST_KEY_UIApplicationSceneManifest_Generation = YES;
				INFOPLIST_KEY_UIApplicationSupportsIndirectInputEvents = YES;
				INFOPLIST_KEY_UILaunchScreen_Generation = YES;
				INFOPLIST_KEY_UISupportedInterfaceOrientations_iPad = "UIInterfaceOrientationPortrait UIInterfaceOrientationPortraitUpsideDown UIInterfaceOrientationLandscapeLeft UIInterfaceOrientationLandscapeRight";
				INFOPLIST_KEY_UISupportedInterfaceOrientations_iPhone = "UIInterfaceOrientationPortrait UIInterfaceOrientationLandscapeLeft UIInterfaceOrientationLandscapeRight";
				IPHONEOS_DEPLOYMENT_TARGET = 15.0;
				LD_RUNPATH_SEARCH_PATHS = (
					"$(inherited)",
					"@executable_path/Frameworks",
				);
				MARKETING_VERSION = 1.0;
				PRODUCT_BUNDLE_IDENTIFIER = com.thoamsy.GradientGrid;
				PRODUCT_NAME = GradientGrid;
				SDKROOT = iphoneos;
				SWIFT_EMIT_LOC_STRINGS = YES;
				SWIFT_VERSION = 5.0;
				TARGETED_DEVICE_FAMILY = "1,2";
				VALIDATE_PRODUCT = YES;
			};
			name = Release;
		};
		59EEEA99267A5826009FE798 /* Debug */ = {
			isa = XCBuildConfiguration;
			buildSettings = {
				ASSETCATALOG_COMPILER_APPICON_NAME = AppIcon;
				ASSETCATALOG_COMPILER_GLOBAL_ACCENT_COLOR_NAME = AccentColor;
				CODE_SIGN_STYLE = Automatic;
				COMBINE_HIDPI_IMAGES = YES;
				CURRENT_PROJECT_VERSION = 1;
				DEVELOPMENT_TEAM = QAWWZVREY3;
				ENABLE_APP_SANDBOX = YES;
				ENABLE_HARDENED_RUNTIME = YES;
				ENABLE_PREVIEWS = YES;
				ENABLE_USER_SELECTED_FILES = readonly;
				GENERATE_INFOPLIST_FILE = YES;
				INFOPLIST_KEY_NSHumanReadableCopyright = "";
				LD_RUNPATH_SEARCH_PATHS = (
					"$(inherited)",
					"@executable_path/../Frameworks",
				);
				MACOSX_DEPLOYMENT_TARGET = 11.0;
				MARKETING_VERSION = 1.0;
				PRODUCT_BUNDLE_IDENTIFIER = com.thoamsy.GradientGrid;
				PRODUCT_NAME = GradientGrid;
				SDKROOT = macosx;
				SWIFT_EMIT_LOC_STRINGS = YES;
				SWIFT_VERSION = 5.0;
			};
			name = Debug;
		};
		59EEEA9A267A5826009FE798 /* Release */ = {
			isa = XCBuildConfiguration;
			buildSettings = {
				ASSETCATALOG_COMPILER_APPICON_NAME = AppIcon;
				ASSETCATALOG_COMPILER_GLOBAL_ACCENT_COLOR_NAME = AccentColor;
				CODE_SIGN_STYLE = Automatic;
				COMBINE_HIDPI_IMAGES = YES;
				CURRENT_PROJECT_VERSION = 1;
				DEVELOPMENT_TEAM = QAWWZVREY3;
				ENABLE_APP_SANDBOX = YES;
				ENABLE_HARDENED_RUNTIME = YES;
				ENABLE_PREVIEWS = YES;
				ENABLE_USER_SELECTED_FILES = readonly;
				GENERATE_INFOPLIST_FILE = YES;
				INFOPLIST_KEY_NSHumanReadableCopyright = "";
				LD_RUNPATH_SEARCH_PATHS = (
					"$(inherited)",
					"@executable_path/../Frameworks",
				);
				MACOSX_DEPLOYMENT_TARGET = 11.0;
				MARKETING_VERSION = 1.0;
				PRODUCT_BUNDLE_IDENTIFIER = com.thoamsy.GradientGrid;
				PRODUCT_NAME = GradientGrid;
				SDKROOT = macosx;
				SWIFT_EMIT_LOC_STRINGS = YES;
				SWIFT_VERSION = 5.0;
			};
			name = Release;
		};
		59EEEACF267A762D009FE798 /* Debug */ = {
			isa = XCBuildConfiguration;
			buildSettings = {
				ASSETCATALOG_COMPILER_COMPLICATION_NAME = Complication;
				CODE_SIGN_STYLE = Automatic;
				CURRENT_PROJECT_VERSION = 1;
				DEVELOPMENT_ASSET_PATHS = "\"Gradients WatchKit Extension/Preview Content\"";
				DEVELOPMENT_TEAM = QAWWZVREY3;
				ENABLE_PREVIEWS = YES;
				GENERATE_INFOPLIST_FILE = YES;
				INFOPLIST_FILE = "Gradients WatchKit Extension/Info.plist";
				INFOPLIST_KEY_CFBundleDisplayName = "Gradients WatchKit Extension";
				INFOPLIST_KEY_CFBundleExecutable = "Gradients WatchKit Extension";
				INFOPLIST_KEY_CFBundleName = "Gradients WatchKit Extension";
				INFOPLIST_KEY_CFBundleVersion = 1;
				INFOPLIST_KEY_CLKComplicationPrincipalClass = ComplicationController;
				INFOPLIST_KEY_NSHumanReadableCopyright = "";
				INFOPLIST_KEY_WKWatchOnly = YES;
				LD_RUNPATH_SEARCH_PATHS = (
					"$(inherited)",
					"@executable_path/Frameworks",
					"@executable_path/../../Frameworks",
				);
				MARKETING_VERSION = 1.0;
				PRODUCT_BUNDLE_IDENTIFIER = com.thoamsy.Gradients.watchkitapp.watchkitextension;
				PRODUCT_NAME = "${TARGET_NAME}";
				SDKROOT = watchos;
				SKIP_INSTALL = YES;
				SWIFT_EMIT_LOC_STRINGS = YES;
				SWIFT_VERSION = 5.0;
				TARGETED_DEVICE_FAMILY = 4;
				WATCHOS_DEPLOYMENT_TARGET = 8.0;
			};
			name = Debug;
		};
		59EEEAD0267A762D009FE798 /* Release */ = {
			isa = XCBuildConfiguration;
			buildSettings = {
				ASSETCATALOG_COMPILER_COMPLICATION_NAME = Complication;
				CODE_SIGN_STYLE = Automatic;
				CURRENT_PROJECT_VERSION = 1;
				DEVELOPMENT_ASSET_PATHS = "\"Gradients WatchKit Extension/Preview Content\"";
				DEVELOPMENT_TEAM = QAWWZVREY3;
				ENABLE_PREVIEWS = YES;
				GENERATE_INFOPLIST_FILE = YES;
				INFOPLIST_FILE = "Gradients WatchKit Extension/Info.plist";
				INFOPLIST_KEY_CFBundleDisplayName = "Gradients WatchKit Extension";
				INFOPLIST_KEY_CFBundleExecutable = "Gradients WatchKit Extension";
				INFOPLIST_KEY_CFBundleName = "Gradients WatchKit Extension";
				INFOPLIST_KEY_CFBundleVersion = 1;
				INFOPLIST_KEY_CLKComplicationPrincipalClass = ComplicationController;
				INFOPLIST_KEY_NSHumanReadableCopyright = "";
				INFOPLIST_KEY_WKWatchOnly = YES;
				LD_RUNPATH_SEARCH_PATHS = (
					"$(inherited)",
					"@executable_path/Frameworks",
					"@executable_path/../../Frameworks",
				);
				MARKETING_VERSION = 1.0;
				PRODUCT_BUNDLE_IDENTIFIER = com.thoamsy.Gradients.watchkitapp.watchkitextension;
				PRODUCT_NAME = "${TARGET_NAME}";
				SDKROOT = watchos;
				SKIP_INSTALL = YES;
				SWIFT_EMIT_LOC_STRINGS = YES;
				SWIFT_VERSION = 5.0;
				TARGETED_DEVICE_FAMILY = 4;
				VALIDATE_PRODUCT = YES;
				WATCHOS_DEPLOYMENT_TARGET = 8.0;
			};
			name = Release;
		};
		59EEEAD3267A762D009FE798 /* Debug */ = {
			isa = XCBuildConfiguration;
			buildSettings = {
				ALWAYS_EMBED_SWIFT_STANDARD_LIBRARIES = YES;
				ASSETCATALOG_COMPILER_APPICON_NAME = AppIcon;
				ASSETCATALOG_COMPILER_GLOBAL_ACCENT_COLOR_NAME = AccentColor;
				CODE_SIGN_STYLE = Automatic;
				CURRENT_PROJECT_VERSION = 1;
				DEVELOPMENT_TEAM = QAWWZVREY3;
				GENERATE_INFOPLIST_FILE = YES;
				IBSC_MODULE = Gradients_WatchKit_Extension;
				INFOPLIST_KEY_CFBundleDisplayName = "Gradients WatchKit App";
				INFOPLIST_KEY_UISupportedInterfaceOrientations = "UIInterfaceOrientationPortrait UIInterfaceOrientationPortraitUpsideDown";
				MARKETING_VERSION = 1.0;
				PRODUCT_BUNDLE_IDENTIFIER = com.thoamsy.Gradients.watchkitapp;
				PRODUCT_NAME = "$(TARGET_NAME)";
				SDKROOT = watchos;
				SKIP_INSTALL = YES;
				SWIFT_EMIT_LOC_STRINGS = YES;
				SWIFT_VERSION = 5.0;
				TARGETED_DEVICE_FAMILY = 4;
				WATCHOS_DEPLOYMENT_TARGET = 8.0;
			};
			name = Debug;
		};
		59EEEAD4267A762D009FE798 /* Release */ = {
			isa = XCBuildConfiguration;
			buildSettings = {
				ALWAYS_EMBED_SWIFT_STANDARD_LIBRARIES = YES;
				ASSETCATALOG_COMPILER_APPICON_NAME = AppIcon;
				ASSETCATALOG_COMPILER_GLOBAL_ACCENT_COLOR_NAME = AccentColor;
				CODE_SIGN_STYLE = Automatic;
				CURRENT_PROJECT_VERSION = 1;
				DEVELOPMENT_TEAM = QAWWZVREY3;
				GENERATE_INFOPLIST_FILE = YES;
				IBSC_MODULE = Gradients_WatchKit_Extension;
				INFOPLIST_KEY_CFBundleDisplayName = "Gradients WatchKit App";
				INFOPLIST_KEY_UISupportedInterfaceOrientations = "UIInterfaceOrientationPortrait UIInterfaceOrientationPortraitUpsideDown";
				MARKETING_VERSION = 1.0;
				PRODUCT_BUNDLE_IDENTIFIER = com.thoamsy.Gradients.watchkitapp;
				PRODUCT_NAME = "$(TARGET_NAME)";
				SDKROOT = watchos;
				SKIP_INSTALL = YES;
				SWIFT_EMIT_LOC_STRINGS = YES;
				SWIFT_VERSION = 5.0;
				TARGETED_DEVICE_FAMILY = 4;
				VALIDATE_PRODUCT = YES;
				WATCHOS_DEPLOYMENT_TARGET = 8.0;
			};
			name = Release;
		};
		59EEEAD7267A762D009FE798 /* Debug */ = {
			isa = XCBuildConfiguration;
			buildSettings = {
				CODE_SIGN_STYLE = Automatic;
				CURRENT_PROJECT_VERSION = 1;
				DEVELOPMENT_TEAM = QAWWZVREY3;
				MARKETING_VERSION = 1.0;
				PRODUCT_BUNDLE_IDENTIFIER = com.thoamsy.Gradients;
				PRODUCT_NAME = "$(TARGET_NAME)";
				SDKROOT = iphoneos;
				SWIFT_VERSION = 5.0;
			};
			name = Debug;
		};
		59EEEAD8267A762D009FE798 /* Release */ = {
			isa = XCBuildConfiguration;
			buildSettings = {
				CODE_SIGN_STYLE = Automatic;
				CURRENT_PROJECT_VERSION = 1;
				DEVELOPMENT_TEAM = QAWWZVREY3;
				MARKETING_VERSION = 1.0;
				PRODUCT_BUNDLE_IDENTIFIER = com.thoamsy.Gradients;
				PRODUCT_NAME = "$(TARGET_NAME)";
				SDKROOT = iphoneos;
				SWIFT_VERSION = 5.0;
				VALIDATE_PRODUCT = YES;
			};
			name = Release;
		};
/* End XCBuildConfiguration section */

/* Begin XCConfigurationList section */
		59EEEA7D267A5824009FE798 /* Build configuration list for PBXProject "GradientGrid" */ = {
			isa = XCConfigurationList;
			buildConfigurations = (
				59EEEA93267A5826009FE798 /* Debug */,
				59EEEA94267A5826009FE798 /* Release */,
			);
			defaultConfigurationIsVisible = 0;
			defaultConfigurationName = Release;
		};
		59EEEA95267A5826009FE798 /* Build configuration list for PBXNativeTarget "GradientGrid (iOS)" */ = {
			isa = XCConfigurationList;
			buildConfigurations = (
				59EEEA96267A5826009FE798 /* Debug */,
				59EEEA97267A5826009FE798 /* Release */,
			);
			defaultConfigurationIsVisible = 0;
			defaultConfigurationName = Release;
		};
		59EEEA98267A5826009FE798 /* Build configuration list for PBXNativeTarget "GradientGrid (macOS)" */ = {
			isa = XCConfigurationList;
			buildConfigurations = (
				59EEEA99267A5826009FE798 /* Debug */,
				59EEEA9A267A5826009FE798 /* Release */,
			);
			defaultConfigurationIsVisible = 0;
			defaultConfigurationName = Release;
		};
		59EEEACE267A762D009FE798 /* Build configuration list for PBXNativeTarget "Gradients WatchKit Extension" */ = {
			isa = XCConfigurationList;
			buildConfigurations = (
				59EEEACF267A762D009FE798 /* Debug */,
				59EEEAD0267A762D009FE798 /* Release */,
			);
			defaultConfigurationIsVisible = 0;
			defaultConfigurationName = Release;
		};
		59EEEAD2267A762D009FE798 /* Build configuration list for PBXNativeTarget "Gradients WatchKit App" */ = {
			isa = XCConfigurationList;
			buildConfigurations = (
				59EEEAD3267A762D009FE798 /* Debug */,
				59EEEAD4267A762D009FE798 /* Release */,
			);
			defaultConfigurationIsVisible = 0;
			defaultConfigurationName = Release;
		};
		59EEEAD6267A762D009FE798 /* Build configuration list for PBXNativeTarget "Gradients" */ = {
			isa = XCConfigurationList;
			buildConfigurations = (
				59EEEAD7267A762D009FE798 /* Debug */,
				59EEEAD8267A762D009FE798 /* Release */,
			);
			defaultConfigurationIsVisible = 0;
			defaultConfigurationName = Release;
		};
/* End XCConfigurationList section */
	};
	rootObject = 59EEEA7A267A5824009FE798 /* Project object */;
}
